PODS:
  - KnobControl (1.0.0)

DEPENDENCIES:
  - KnobControl (from `https://github.com/shivanand217/KnobControl`, tag `1.0.0`)

EXTERNAL SOURCES:
  KnobControl:
    :git: https://github.com/shivanand217/KnobControl
    :tag: 1.0.0

CHECKOUT OPTIONS:
  KnobControl:
    :git: https://github.com/shivanand217/KnobControl
    :tag: 1.0.0

SPEC CHECKSUMS:
  KnobControl: 4e769911f191510558d2f2ae49462b0e5deffe28

PODFILE CHECKSUM: 3ebdf7c6523b82e98544026a97a37f688c0883a4

COCOAPODS: 1.9.3
